proj_file_hash = "30fd27a368d7697f52f9e97760b678af"

[[dependencies]]
name = "cairo-fix"
version = "0.2.3"
path = "../../"

[[dependencies]]
name = "math"
version = "1.2.0"
path = ".fixlang/deps/math_1.2.0"

[dependencies.git]
repo = "https://github.com/tttmmmyyyy/fixlang-math.git"
rev = "663bdee5f5ee2824e9e139cfdb097d6e56a4b1bb"

[[dependencies]]
name = "time"
version = "1.0.2"
path = ".fixlang/deps/time_1.0.2"

[dependencies.git]
repo = "https://github.com/tttmmmyyyy/fixlang-time.git"
rev = "7af8a5c115e7437f94dcb4353807c03d816856f6"

[[dependencies]]
name = "random"
version = "1.1.1"
path = ".fixlang/deps/random_1.1.1"

[dependencies.git]
repo = "https://github.com/tttmmmyyyy/fixlang-random.git"
rev = "b4f83ee48564e714c0918513dd431f9135493dce"
