proj_file_hash = "884040938d063f6bee75f5addba121bd"

[[dependencies]]
name = "cairo-fix"
version = "0.1.7"
path = "../../"

[[dependencies]]
name = "math"
version = "0.1.3"
path = ".fixlang/deps/math_0.1.3"

[dependencies.git]
repo = "https://github.com/tttmmmyyyy/fixlang-math.git"
rev = "ba88096dc2740c9e46542c449e2aef3b19cffe34"
