proj_file_hash = "884040938d063f6bee75f5addba121bd"

[[dependencies]]
name = "cairo-fix"
version = "0.1.8"
path = "../../"

[[dependencies]]
name = "math"
version = "1.0.0"
path = ".fixlang/deps/math_1.0.0"

[dependencies.git]
repo = "https://github.com/tttmmmyyyy/fixlang-math.git"
rev = "6b1c3810d49d0291c2a800f783be38138cf4381d"
